// !$*UTF8*$!
{
	archiveVersion = 1;
	classes = {
	};
	objectVersion = 56;
	objects = {

/* Begin PBXBuildFile section */
		8406CFA22B039C990085B373 /* AppDelegate.swift in Sources */ = {isa = PBXBuildFile; fileRef = 8406CFA12B039C990085B373 /* AppDelegate.swift */; };
		8406CFA42B039C990085B373 /* SceneDelegate.swift in Sources */ = {isa = PBXBuildFile; fileRef = 8406CFA32B039C990085B373 /* SceneDelegate.swift */; };
		8406CFA62B039C990085B373 /* ViewController.swift in Sources */ = {isa = PBXBuildFile; fileRef = 8406CFA52B039C990085B373 /* ViewController.swift */; };
		8406CFA92B039C990085B373 /* Main.storyboard in Resources */ = {isa = PBXBuildFile; fileRef = 8406CFA72B039C990085B373 /* Main.storyboard */; };
		8406CFAC2B039C990085B373 /* SimpleMusicPlayer.xcdatamodeld in Sources */ = {isa = PBXBuildFile; fileRef = 8406CFAA2B039C990085B373 /* SimpleMusicPlayer.xcdatamodeld */; };
		8406CFAE2B039C9D0085B373 /* Assets.xcassets in Resources */ = {isa = PBXBuildFile; fileRef = 8406CFAD2B039C9D0085B373 /* Assets.xcassets */; };
		8406CFB12B039C9D0085B373 /* LaunchScreen.storyboard in Resources */ = {isa = PBXBuildFile; fileRef = 8406CFAF2B039C9D0085B373 /* LaunchScreen.storyboard */; };
		8406CFBC2B039C9E0085B373 /* SimpleMusicPlayerTests.swift in Sources */ = {isa = PBXBuildFile; fileRef = 8406CFBB2B039C9E0085B373 /* SimpleMusicPlayerTests.swift */; };
		8406CFC62B039C9E0085B373 /* SimpleMusicPlayerUITests.swift in Sources */ = {isa = PBXBuildFile; fileRef = 8406CFC52B039C9E0085B373 /* SimpleMusicPlayerUITests.swift */; };
		8406CFC82B039C9E0085B373 /* SimpleMusicPlayerUITestsLaunchTests.swift in Sources */ = {isa = PBXBuildFile; fileRef = 8406CFC72B039C9E0085B373 /* SimpleMusicPlayerUITestsLaunchTests.swift */; };
		8406CFD82B042EE80085B373 /* Just the Way You Are.mp3 in Resources */ = {isa = PBXBuildFile; fileRef = 8406CFD52B042EE70085B373 /* Just the Way You Are.mp3 */; };
		8406CFD92B042EE80085B373 /* Love, love, love.mp3 in Resources */ = {isa = PBXBuildFile; fileRef = 8406CFD62B042EE70085B373 /* Love, love, love.mp3 */; };
		8406CFDA2B042EE80085B373 /* Always.mp3 in Resources */ = {isa = PBXBuildFile; fileRef = 8406CFD72B042EE80085B373 /* Always.mp3 */; };
		845752332B0F644500080311 /* PlayerViewController.swift in Sources */ = {isa = PBXBuildFile; fileRef = 845752322B0F644400080311 /* PlayerViewController.swift */; };
/* End PBXBuildFile section */

/* Begin PBXContainerItemProxy section */
		8406CFB82B039C9E0085B373 /* PBXContainerItemProxy */ = {
			isa = PBXContainerItemProxy;
			containerPortal = 8406CF962B039C990085B373 /* Project object */;
			proxyType = 1;
			remoteGlobalIDString = 8406CF9D2B039C990085B373;
			remoteInfo = SimpleMusicPlayer;
		};
		8406CFC22B039C9E0085B373 /* PBXContainerItemProxy */ = {
			isa = PBXContainerItemProxy;
			containerPortal = 8406CF962B039C990085B373 /* Project object */;
			proxyType = 1;
			remoteGlobalIDString = 8406CF9D2B039C990085B373;
			remoteInfo = SimpleMusicPlayer;
		};
/* End PBXContainerItemProxy section */

/* Begin PBXFileReference section */
		8406CF9E2B039C990085B373 /* SimpleMusicPlayer.app */ = {isa = PBXFileReference; explicitFileType = wrapper.application; includeInIndex = 0; path = SimpleMusicPlayer.app; sourceTree = BUILT_PRODUCTS_DIR; };
		8406CFA12B039C990085B373 /* AppDelegate.swift */ = {isa = PBXFileReference; lastKnownFileType = sourcecode.swift; path = AppDelegate.swift; sourceTree = "<group>"; };
		8406CFA32B039C990085B373 /* SceneDelegate.swift */ = {isa = PBXFileReference; lastKnownFileType = sourcecode.swift; path = SceneDelegate.swift; sourceTree = "<group>"; };
		8406CFA52B039C990085B373 /* ViewController.swift */ = {isa = PBXFileReference; lastKnownFileType = sourcecode.swift; path = ViewController.swift; sourceTree = "<group>"; };
		8406CFA82B039C990085B373 /* Base */ = {isa = PBXFileReference; lastKnownFileType = file.storyboard; name = Base; path = Base.lproj/Main.storyboard; sourceTree = "<group>"; };
		8406CFAB2B039C990085B373 /* SimpleMusicPlayer.xcdatamodel */ = {isa = PBXFileReference; lastKnownFileType = wrapper.xcdatamodel; path = SimpleMusicPlayer.xcdatamodel; sourceTree = "<group>"; };
		8406CFAD2B039C9D0085B373 /* Assets.xcassets */ = {isa = PBXFileReference; lastKnownFileType = folder.assetcatalog; path = Assets.xcassets; sourceTree = "<group>"; };
		8406CFB02B039C9D0085B373 /* Base */ = {isa = PBXFileReference; lastKnownFileType = file.storyboard; name = Base; path = Base.lproj/LaunchScreen.storyboard; sourceTree = "<group>"; };
		8406CFB22B039C9D0085B373 /* Info.plist */ = {isa = PBXFileReference; lastKnownFileType = text.plist.xml; path = Info.plist; sourceTree = "<group>"; };
		8406CFB72B039C9E0085B373 /* SimpleMusicPlayerTests.xctest */ = {isa = PBXFileReference; explicitFileType = wrapper.cfbundle; includeInIndex = 0; path = SimpleMusicPlayerTests.xctest; sourceTree = BUILT_PRODUCTS_DIR; };
		8406CFBB2B039C9E0085B373 /* SimpleMusicPlayerTests.swift */ = {isa = PBXFileReference; lastKnownFileType = sourcecode.swift; path = SimpleMusicPlayerTests.swift; sourceTree = "<group>"; };
		8406CFC12B039C9E0085B373 /* SimpleMusicPlayerUITests.xctest */ = {isa = PBXFileReference; explicitFileType = wrapper.cfbundle; includeInIndex = 0; path = SimpleMusicPlayerUITests.xctest; sourceTree = BUILT_PRODUCTS_DIR; };
		8406CFC52B039C9E0085B373 /* SimpleMusicPlayerUITests.swift */ = {isa = PBXFileReference; lastKnownFileType = sourcecode.swift; path = SimpleMusicPlayerUITests.swift; sourceTree = "<group>"; };
		8406CFC72B039C9E0085B373 /* SimpleMusicPlayerUITestsLaunchTests.swift */ = {isa = PBXFileReference; lastKnownFileType = sourcecode.swift; path = SimpleMusicPlayerUITestsLaunchTests.swift; sourceTree = "<group>"; };
		8406CFD52B042EE70085B373 /* Just the Way You Are.mp3 */ = {isa = PBXFileReference; lastKnownFileType = audio.mp3; path = "Just the Way You Are.mp3"; sourceTree = "<group>"; };
		8406CFD62B042EE70085B373 /* Love, love, love.mp3 */ = {isa = PBXFileReference; lastKnownFileType = audio.mp3; path = "Love, love, love.mp3"; sourceTree = "<group>"; };
		8406CFD72B042EE80085B373 /* Always.mp3 */ = {isa = PBXFileReference; lastKnownFileType = audio.mp3; path = Always.mp3; sourceTree = "<group>"; };
		845752322B0F644400080311 /* PlayerViewController.swift */ = {isa = PBXFileReference; lastKnownFileType = sourcecode.swift; path = PlayerViewController.swift; sourceTree = "<group>"; };
/* End PBXFileReference section */

/* Begin PBXFrameworksBuildPhase section */
		8406CF9B2B039C990085B373 /* Frameworks */ = {
			isa = PBXFrameworksBuildPhase;
			buildActionMask = 2147483647;
			files = (
			);
			runOnlyForDeploymentPostprocessing = 0;
		};
		8406CFB42B039C9E0085B373 /* Frameworks */ = {
			isa = PBXFrameworksBuildPhase;
			buildActionMask = 2147483647;
			files = (
			);
			runOnlyForDeploymentPostprocessing = 0;
		};
		8406CFBE2B039C9E0085B373 /* Frameworks */ = {
			isa = PBXFrameworksBuildPhase;
			buildActionMask = 2147483647;
			files = (
			);
			runOnlyForDeploymentPostprocessing = 0;
		};
/* End PBXFrameworksBuildPhase section */

/* Begin PBXGroup section */
		8406CF952B039C990085B373 = {
			isa = PBXGroup;
			children = (
				8406CFA02B039C990085B373 /* SimpleMusicPlayer */,
				8406CFBA2B039C9E0085B373 /* SimpleMusicPlayerTests */,
				8406CFC42B039C9E0085B373 /* SimpleMusicPlayerUITests */,
				8406CF9F2B039C990085B373 /* Products */,
			);
			sourceTree = "<group>";
		};
		8406CF9F2B039C990085B373 /* Products */ = {
			isa = PBXGroup;
			children = (
				8406CF9E2B039C990085B373 /* SimpleMusicPlayer.app */,
				8406CFB72B039C9E0085B373 /* SimpleMusicPlayerTests.xctest */,
				8406CFC12B039C9E0085B373 /* SimpleMusicPlayerUITests.xctest */,
			);
			name = Products;
			sourceTree = "<group>";
		};
		8406CFA02B039C990085B373 /* SimpleMusicPlayer */ = {
			isa = PBXGroup;
			children = (
				8406CFD42B042EB20085B373 /* Audio */,
				8406CFA12B039C990085B373 /* AppDelegate.swift */,
				8406CFA32B039C990085B373 /* SceneDelegate.swift */,
				8406CFA52B039C990085B373 /* ViewController.swift */,
				8406CFA72B039C990085B373 /* Main.storyboard */,
				8406CFAD2B039C9D0085B373 /* Assets.xcassets */,
				8406CFAF2B039C9D0085B373 /* LaunchScreen.storyboard */,
				8406CFB22B039C9D0085B373 /* Info.plist */,
				8406CFAA2B039C990085B373 /* SimpleMusicPlayer.xcdatamodeld */,
				845752322B0F644400080311 /* PlayerViewController.swift */,
			);
			path = SimpleMusicPlayer;
			sourceTree = "<group>";
		};
		8406CFBA2B039C9E0085B373 /* SimpleMusicPlayerTests */ = {
			isa = PBXGroup;
			children = (
				8406CFBB2B039C9E0085B373 /* SimpleMusicPlayerTests.swift */,
			);
			path = SimpleMusicPlayerTests;
			sourceTree = "<group>";
		};
		8406CFC42B039C9E0085B373 /* SimpleMusicPlayerUITests */ = {
			isa = PBXGroup;
			children = (
				8406CFC52B039C9E0085B373 /* SimpleMusicPlayerUITests.swift */,
				8406CFC72B039C9E0085B373 /* SimpleMusicPlayerUITestsLaunchTests.swift */,
			);
			path = SimpleMusicPlayerUITests;
			sourceTree = "<group>";
		};
		8406CFD42B042EB20085B373 /* Audio */ = {
			isa = PBXGroup;
			children = (
				8406CFD72B042EE80085B373 /* Always.mp3 */,
				8406CFD52B042EE70085B373 /* Just the Way You Are.mp3 */,
				8406CFD62B042EE70085B373 /* Love, love, love.mp3 */,
			);
			path = Audio;
			sourceTree = "<group>";
		};
/* End PBXGroup section */

/* Begin PBXNativeTarget section */
		8406CF9D2B039C990085B373 /* SimpleMusicPlayer */ = {
			isa = PBXNativeTarget;
			buildConfigurationList = 8406CFCB2B039C9E0085B373 /* Build configuration list for PBXNativeTarget "SimpleMusicPlayer" */;
			buildPhases = (
				8406CF9A2B039C990085B373 /* Sources */,
				8406CF9B2B039C990085B373 /* Frameworks */,
				8406CF9C2B039C990085B373 /* Resources */,
			);
			buildRules = (
			);
			dependencies = (
			);
			name = SimpleMusicPlayer;
			productName = SimpleMusicPlayer;
			productReference = 8406CF9E2B039C990085B373 /* SimpleMusicPlayer.app */;
			productType = "com.apple.product-type.application";
		};
		8406CFB62B039C9E0085B373 /* SimpleMusicPlayerTests */ = {
			isa = PBXNativeTarget;
			buildConfigurationList = 8406CFCE2B039C9E0085B373 /* Build configuration list for PBXNativeTarget "SimpleMusicPlayerTests" */;
			buildPhases = (
				8406CFB32B039C9E0085B373 /* Sources */,
				8406CFB42B039C9E0085B373 /* Frameworks */,
				8406CFB52B039C9E0085B373 /* Resources */,
			);
			buildRules = (
			);
			dependencies = (
				8406CFB92B039C9E0085B373 /* PBXTargetDependency */,
			);
			name = SimpleMusicPlayerTests;
			productName = SimpleMusicPlayerTests;
			productReference = 8406CFB72B039C9E0085B373 /* SimpleMusicPlayerTests.xctest */;
			productType = "com.apple.product-type.bundle.unit-test";
		};
		8406CFC02B039C9E0085B373 /* SimpleMusicPlayerUITests */ = {
			isa = PBXNativeTarget;
			buildConfigurationList = 8406CFD12B039C9E0085B373 /* Build configuration list for PBXNativeTarget "SimpleMusicPlayerUITests" */;
			buildPhases = (
				8406CFBD2B039C9E0085B373 /* Sources */,
				8406CFBE2B039C9E0085B373 /* Frameworks */,
				8406CFBF2B039C9E0085B373 /* Resources */,
			);
			buildRules = (
			);
			dependencies = (
				8406CFC32B039C9E0085B373 /* PBXTargetDependency */,
			);
			name = SimpleMusicPlayerUITests;
			productName = SimpleMusicPlayerUITests;
			productReference = 8406CFC12B039C9E0085B373 /* SimpleMusicPlayerUITests.xctest */;
			productType = "com.apple.product-type.bundle.ui-testing";
		};
/* End PBXNativeTarget section */

/* Begin PBXProject section */
		8406CF962B039C990085B373 /* Project object */ = {
			isa = PBXProject;
			attributes = {
				BuildIndependentTargetsInParallel = 1;
				LastSwiftUpdateCheck = 1400;
				LastUpgradeCheck = 1400;
				TargetAttributes = {
					8406CF9D2B039C990085B373 = {
						CreatedOnToolsVersion = 14.0.1;
					};
					8406CFB62B039C9E0085B373 = {
						CreatedOnToolsVersion = 14.0.1;
						TestTargetID = 8406CF9D2B039C990085B373;
					};
					8406CFC02B039C9E0085B373 = {
						CreatedOnToolsVersion = 14.0.1;
						TestTargetID = 8406CF9D2B039C990085B373;
					};
				};
			};
			buildConfigurationList = 8406CF992B039C990085B373 /* Build configuration list for PBXProject "SimpleMusicPlayer" */;
			compatibilityVersion = "Xcode 14.0";
			developmentRegion = en;
			hasScannedForEncodings = 0;
			knownRegions = (
				en,
				Base,
			);
			mainGroup = 8406CF952B039C990085B373;
			productRefGroup = 8406CF9F2B039C990085B373 /* Products */;
			projectDirPath = "";
			projectRoot = "";
			targets = (
				8406CF9D2B039C990085B373 /* SimpleMusicPlayer */,
				8406CFB62B039C9E0085B373 /* SimpleMusicPlayerTests */,
				8406CFC02B039C9E0085B373 /* SimpleMusicPlayerUITests */,
			);
		};
/* End PBXProject section */

/* Begin PBXResourcesBuildPhase section */
		8406CF9C2B039C990085B373 /* Resources */ = {
			isa = PBXResourcesBuildPhase;
			buildActionMask = 2147483647;
			files = (
				8406CFB12B039C9D0085B373 /* LaunchScreen.storyboard in Resources */,
				8406CFD92B042EE80085B373 /* Love, love, love.mp3 in Resources */,
				8406CFAE2B039C9D0085B373 /* Assets.xcassets in Resources */,
				8406CFA92B039C990085B373 /* Main.storyboard in Resources */,
				8406CFD82B042EE80085B373 /* Just the Way You Are.mp3 in Resources */,
				8406CFDA2B042EE80085B373 /* Always.mp3 in Resources */,
			);
			runOnlyForDeploymentPostprocessing = 0;
		};
		8406CFB52B039C9E0085B373 /* Resources */ = {
			isa = PBXResourcesBuildPhase;
			buildActionMask = 2147483647;
			files = (
			);
			runOnlyForDeploymentPostprocessing = 0;
		};
		8406CFBF2B039C9E0085B373 /* Resources */ = {
			isa = PBXResourcesBuildPhase;
			buildActionMask = 2147483647;
			files = (
			);
			runOnlyForDeploymentPostprocessing = 0;
		};
/* End PBXResourcesBuildPhase section */

/* Begin PBXSourcesBuildPhase section */
		8406CF9A2B039C990085B373 /* Sources */ = {
			isa = PBXSourcesBuildPhase;
			buildActionMask = 2147483647;
			files = (
				8406CFA62B039C990085B373 /* ViewController.swift in Sources */,
				8406CFA22B039C990085B373 /* AppDelegate.swift in Sources */,
				8406CFAC2B039C990085B373 /* SimpleMusicPlayer.xcdatamodeld in Sources */,
				8406CFA42B039C990085B373 /* SceneDelegate.swift in Sources */,
				845752332B0F644500080311 /* PlayerViewController.swift in Sources */,
			);
			runOnlyForDeploymentPostprocessing = 0;
		};
		8406CFB32B039C9E0085B373 /* Sources */ = {
			isa = PBXSourcesBuildPhase;
			buildActionMask = 2147483647;
			files = (
				8406CFBC2B039C9E0085B373 /* SimpleMusicPlayerTests.swift in Sources */,
			);
			runOnlyForDeploymentPostprocessing = 0;
		};
		8406CFBD2B039C9E0085B373 /* Sources */ = {
			isa = PBXSourcesBuildPhase;
			buildActionMask = 2147483647;
			files = (
				8406CFC62B039C9E0085B373 /* SimpleMusicPlayerUITests.swift in Sources */,
				8406CFC82B039C9E0085B373 /* SimpleMusicPlayerUITestsLaunchTests.swift in Sources */,
			);
			runOnlyForDeploymentPostprocessing = 0;
		};
/* End PBXSourcesBuildPhase section */

/* Begin PBXTargetDependency section */
		8406CFB92B039C9E0085B373 /* PBXTargetDependency */ = {
			isa = PBXTargetDependency;
			target = 8406CF9D2B039C990085B373 /* SimpleMusicPlayer */;
			targetProxy = 8406CFB82B039C9E0085B373 /* PBXContainerItemProxy */;
		};
		8406CFC32B039C9E0085B373 /* PBXTargetDependency */ = {
			isa = PBXTargetDependency;
			target = 8406CF9D2B039C990085B373 /* SimpleMusicPlayer */;
			targetProxy = 8406CFC22B039C9E0085B373 /* PBXContainerItemProxy */;
		};
/* End PBXTargetDependency section */

/* Begin PBXVariantGroup section */
		8406CFA72B039C990085B373 /* Main.storyboard */ = {
			isa = PBXVariantGroup;
			children = (
				8406CFA82B039C990085B373 /* Base */,
			);
			name = Main.storyboard;
			sourceTree = "<group>";
		};
		8406CFAF2B039C9D0085B373 /* LaunchScreen.storyboard */ = {
			isa = PBXVariantGroup;
			children = (
				8406CFB02B039C9D0085B373 /* Base */,
			);
			name = LaunchScreen.storyboard;
			sourceTree = "<group>";
		};
/* End PBXVariantGroup section */

/* Begin XCBuildConfiguration section */
		8406CFC92B039C9E0085B373 /* Debug */ = {
			isa = XCBuildConfiguration;
			buildSettings = {
				ALWAYS_SEARCH_USER_PATHS = NO;
				CLANG_ANALYZER_NONNULL = YES;
				CLANG_ANALYZER_NUMBER_OBJECT_CONVERSION = YES_AGGRESSIVE;
				CLANG_CXX_LANGUAGE_STANDARD = "gnu++20";
				CLANG_ENABLE_MODULES = YES;
				CLANG_ENABLE_OBJC_ARC = YES;
				CLANG_ENABLE_OBJC_WEAK = YES;
				CLANG_WARN_BLOCK_CAPTURE_AUTORELEASING = YES;
				CLANG_WARN_BOOL_CONVERSION = YES;
				CLANG_WARN_COMMA = YES;
				CLANG_WARN_CONSTANT_CONVERSION = YES;
				CLANG_WARN_DEPRECATED_OBJC_IMPLEMENTATIONS = YES;
				CLANG_WARN_DIRECT_OBJC_ISA_USAGE = YES_ERROR;
				CLANG_WARN_DOCUMENTATION_COMMENTS = YES;
				CLANG_WARN_EMPTY_BODY = YES;
				CLANG_WARN_ENUM_CONVERSION = YES;
				CLANG_WARN_INFINITE_RECURSION = YES;
				CLANG_WARN_INT_CONVERSION = YES;
				CLANG_WARN_NON_LITERAL_NULL_CONVERSION = YES;
				CLANG_WARN_OBJC_IMPLICIT_RETAIN_SELF = YES;
				CLANG_WARN_OBJC_LITERAL_CONVERSION = YES;
				CLANG_WARN_OBJC_ROOT_CLASS = YES_ERROR;
				CLANG_WARN_QUOTED_INCLUDE_IN_FRAMEWORK_HEADER = YES;
				CLANG_WARN_RANGE_LOOP_ANALYSIS = YES;
				CLANG_WARN_STRICT_PROTOTYPES = YES;
				CLANG_WARN_SUSPICIOUS_MOVE = YES;
				CLANG_WARN_UNGUARDED_AVAILABILITY = YES_AGGRESSIVE;
				CLANG_WARN_UNREACHABLE_CODE = YES;
				CLANG_WARN__DUPLICATE_METHOD_MATCH = YES;
				COPY_PHASE_STRIP = NO;
				DEBUG_INFORMATION_FORMAT = dwarf;
				ENABLE_STRICT_OBJC_MSGSEND = YES;
				ENABLE_TESTABILITY = YES;
				GCC_C_LANGUAGE_STANDARD = gnu11;
				GCC_DYNAMIC_NO_PIC = NO;
				GCC_NO_COMMON_BLOCKS = YES;
				GCC_OPTIMIZATION_LEVEL = 0;
				GCC_PREPROCESSOR_DEFINITIONS = (
					"DEBUG=1",
					"$(inherited)",
				);
				GCC_WARN_64_TO_32_BIT_CONVERSION = YES;
				GCC_WARN_ABOUT_RETURN_TYPE = YES_ERROR;
				GCC_WARN_UNDECLARED_SELECTOR = YES;
				GCC_WARN_UNINITIALIZED_AUTOS = YES_AGGRESSIVE;
				GCC_WARN_UNUSED_FUNCTION = YES;
				GCC_WARN_UNUSED_VARIABLE = YES;
				IPHONEOS_DEPLOYMENT_TARGET = 16.0;
				MTL_ENABLE_DEBUG_INFO = INCLUDE_SOURCE;
				MTL_FAST_MATH = YES;
				ONLY_ACTIVE_ARCH = YES;
				SDKROOT = iphoneos;
				SWIFT_ACTIVE_COMPILATION_CONDITIONS = DEBUG;
				SWIFT_OPTIMIZATION_LEVEL = "-Onone";
			};
			name = Debug;
		};
		8406CFCA2B039C9E0085B373 /* Release */ = {
			isa = XCBuildConfiguration;
			buildSettings = {
				ALWAYS_SEARCH_USER_PATHS = NO;
				CLANG_ANALYZER_NONNULL = YES;
				CLANG_ANALYZER_NUMBER_OBJECT_CONVERSION = YES_AGGRESSIVE;
				CLANG_CXX_LANGUAGE_STANDARD = "gnu++20";
				CLANG_ENABLE_MODULES = YES;
				CLANG_ENABLE_OBJC_ARC = YES;
				CLANG_ENABLE_OBJC_WEAK = YES;
				CLANG_WARN_BLOCK_CAPTURE_AUTORELEASING = YES;
				CLANG_WARN_BOOL_CONVERSION = YES;
				CLANG_WARN_COMMA = YES;
				CLANG_WARN_CONSTANT_CONVERSION = YES;
				CLANG_WARN_DEPRECATED_OBJC_IMPLEMENTATIONS = YES;
				CLANG_WARN_DIRECT_OBJC_ISA_USAGE = YES_ERROR;
				CLANG_WARN_DOCUMENTATION_COMMENTS = YES;
				CLANG_WARN_EMPTY_BODY = YES;
				CLANG_WARN_ENUM_CONVERSION = YES;
				CLANG_WARN_INFINITE_RECURSION = YES;
				CLANG_WARN_INT_CONVERSION = YES;
				CLANG_WARN_NON_LITERAL_NULL_CONVERSION = YES;
				CLANG_WARN_OBJC_IMPLICIT_RETAIN_SELF = YES;
				CLANG_WARN_OBJC_LITERAL_CONVERSION = YES;
				CLANG_WARN_OBJC_ROOT_CLASS = YES_ERROR;
				CLANG_WARN_QUOTED_INCLUDE_IN_FRAMEWORK_HEADER = YES;
				CLANG_WARN_RANGE_LOOP_ANALYSIS = YES;
				CLANG_WARN_STRICT_PROTOTYPES = YES;
				CLANG_WARN_SUSPICIOUS_MOVE = YES;
				CLANG_WARN_UNGUARDED_AVAILABILITY = YES_AGGRESSIVE;
				CLANG_WARN_UNREACHABLE_CODE = YES;
				CLANG_WARN__DUPLICATE_METHOD_MATCH = YES;
				COPY_PHASE_STRIP = NO;
				DEBUG_INFORMATION_FORMAT = "dwarf-with-dsym";
				ENABLE_NS_ASSERTIONS = NO;
				ENABLE_STRICT_OBJC_MSGSEND = YES;
				GCC_C_LANGUAGE_STANDARD = gnu11;
				GCC_NO_COMMON_BLOCKS = YES;
				GCC_WARN_64_TO_32_BIT_CONVERSION = YES;
				GCC_WARN_ABOUT_RETURN_TYPE = YES_ERROR;
				GCC_WARN_UNDECLARED_SELECTOR = YES;
				GCC_WARN_UNINITIALIZED_AUTOS = YES_AGGRESSIVE;
				GCC_WARN_UNUSED_FUNCTION = YES;
				GCC_WARN_UNUSED_VARIABLE = YES;
				IPHONEOS_DEPLOYMENT_TARGET = 16.0;
				MTL_ENABLE_DEBUG_INFO = NO;
				MTL_FAST_MATH = YES;
				SDKROOT = iphoneos;
				SWIFT_COMPILATION_MODE = wholemodule;
				SWIFT_OPTIMIZATION_LEVEL = "-O";
				VALIDATE_PRODUCT = YES;
			};
			name = Release;
		};
		8406CFCC2B039C9E0085B373 /* Debug */ = {
			isa = XCBuildConfiguration;
			buildSettings = {
				ASSETCATALOG_COMPILER_APPICON_NAME = AppIcon;
				ASSETCATALOG_COMPILER_GLOBAL_ACCENT_COLOR_NAME = AccentColor;
				CODE_SIGN_STYLE = Automatic;
				CURRENT_PROJECT_VERSION = 1;
				DEVELOPMENT_TEAM = 332754S8PJ;
				GENERATE_INFOPLIST_FILE = YES;
				INFOPLIST_FILE = SimpleMusicPlayer/Info.plist;
				INFOPLIST_KEY_UIApplicationSupportsIndirectInputEvents = YES;
				INFOPLIST_KEY_UILaunchStoryboardName = LaunchScreen;
				INFOPLIST_KEY_UIMainStoryboardFile = Main;
				INFOPLIST_KEY_UISupportedInterfaceOrientations_iPad = "UIInterfaceOrientationPortrait UIInterfaceOrientationPortraitUpsideDown UIInterfaceOrientationLandscapeLeft UIInterfaceOrientationLandscapeRight";
				INFOPLIST_KEY_UISupportedInterfaceOrientations_iPhone = "UIInterfaceOrientationPortrait UIInterfaceOrientationLandscapeLeft UIInterfaceOrientationLandscapeRight";
				LD_RUNPATH_SEARCH_PATHS = (
					"$(inherited)",
					"@executable_path/Frameworks",
				);
				MARKETING_VERSION = 1.0;
				PRODUCT_BUNDLE_IDENTIFIER = sgzkohch.SimpleMusicPlayer;
				PRODUCT_NAME = "$(TARGET_NAME)";
				SWIFT_EMIT_LOC_STRINGS = YES;
				SWIFT_VERSION = 5.0;
				TARGETED_DEVICE_FAMILY = "1,2";
			};
			name = Debug;
		};
		8406CFCD2B039C9E0085B373 /* Release */ = {
			isa = XCBuildConfiguration;
			buildSettings = {
				ASSETCATALOG_COMPILER_APPICON_NAME = AppIcon;
				ASSETCATALOG_COMPILER_GLOBAL_ACCENT_COLOR_NAME = AccentColor;
				CODE_SIGN_STYLE = Automatic;
				CURRENT_PROJECT_VERSION = 1;
				DEVELOPMENT_TEAM = 332754S8PJ;
				GENERATE_INFOPLIST_FILE = YES;
				INFOPLIST_FILE = SimpleMusicPlayer/Info.plist;
				INFOPLIST_KEY_UIApplicationSupportsIndirectInputEvents = YES;
				INFOPLIST_KEY_UILaunchStoryboardName = LaunchScreen;
				INFOPLIST_KEY_UIMainStoryboardFile = Main;
				INFOPLIST_KEY_UISupportedInterfaceOrientations_iPad = "UIInterfaceOrientationPortrait UIInterfaceOrientationPortraitUpsideDown UIInterfaceOrientationLandscapeLeft UIInterfaceOrientationLandscapeRight";
				INFOPLIST_KEY_UISupportedInterfaceOrientations_iPhone = "UIInterfaceOrientationPortrait UIInterfaceOrientationLandscapeLeft UIInterfaceOrientationLandscapeRight";
				LD_RUNPATH_SEARCH_PATHS = (
					"$(inherited)",
					"@executable_path/Frameworks",
				);
				MARKETING_VERSION = 1.0;
				PRODUCT_BUNDLE_IDENTIFIER = sgzkohch.SimpleMusicPlayer;
				PRODUCT_NAME = "$(TARGET_NAME)";
				SWIFT_EMIT_LOC_STRINGS = YES;
				SWIFT_VERSION = 5.0;
				TARGETED_DEVICE_FAMILY = "1,2";
			};
			name = Release;
		};
		8406CFCF2B039C9E0085B373 /* Debug */ = {
			isa = XCBuildConfiguration;
			buildSettings = {
				ALWAYS_EMBED_SWIFT_STANDARD_LIBRARIES = YES;
				BUNDLE_LOADER = "$(TEST_HOST)";
				CODE_SIGN_STYLE = Automatic;
				CURRENT_PROJECT_VERSION = 1;
				GENERATE_INFOPLIST_FILE = YES;
				IPHONEOS_DEPLOYMENT_TARGET = 16.0;
				MARKETING_VERSION = 1.0;
				PRODUCT_BUNDLE_IDENTIFIER = sgzkohch.SimpleMusicPlayerTests;
				PRODUCT_NAME = "$(TARGET_NAME)";
				SWIFT_EMIT_LOC_STRINGS = NO;
				SWIFT_VERSION = 5.0;
				TARGETED_DEVICE_FAMILY = "1,2";
				TEST_HOST = "$(BUILT_PRODUCTS_DIR)/SimpleMusicPlayer.app/$(BUNDLE_EXECUTABLE_FOLDER_PATH)/SimpleMusicPlayer";
			};
			name = Debug;
		};
		8406CFD02B039C9E0085B373 /* Release */ = {
			isa = XCBuildConfiguration;
			buildSettings = {
				ALWAYS_EMBED_SWIFT_STANDARD_LIBRARIES = YES;
				BUNDLE_LOADER = "$(TEST_HOST)";
				CODE_SIGN_STYLE = Automatic;
				CURRENT_PROJECT_VERSION = 1;
				GENERATE_INFOPLIST_FILE = YES;
				IPHONEOS_DEPLOYMENT_TARGET = 16.0;
				MARKETING_VERSION = 1.0;
				PRODUCT_BUNDLE_IDENTIFIER = sgzkohch.SimpleMusicPlayerTests;
				PRODUCT_NAME = "$(TARGET_NAME)";
				SWIFT_EMIT_LOC_STRINGS = NO;
				SWIFT_VERSION = 5.0;
				TARGETED_DEVICE_FAMILY = "1,2";
				TEST_HOST = "$(BUILT_PRODUCTS_DIR)/SimpleMusicPlayer.app/$(BUNDLE_EXECUTABLE_FOLDER_PATH)/SimpleMusicPlayer";
			};
			name = Release;
		};
		8406CFD22B039C9E0085B373 /* Debug */ = {
			isa = XCBuildConfiguration;
			buildSettings = {
				ALWAYS_EMBED_SWIFT_STANDARD_LIBRARIES = YES;
				CODE_SIGN_STYLE = Automatic;
				CURRENT_PROJECT_VERSION = 1;
				GENERATE_INFOPLIST_FILE = YES;
				MARKETING_VERSION = 1.0;
				PRODUCT_BUNDLE_IDENTIFIER = sgzkohch.SimpleMusicPlayerUITests;
				PRODUCT_NAME = "$(TARGET_NAME)";
				SWIFT_EMIT_LOC_STRINGS = NO;
				SWIFT_VERSION = 5.0;
				TARGETED_DEVICE_FAMILY = "1,2";
				TEST_TARGET_NAME = SimpleMusicPlayer;
			};
			name = Debug;
		};
		8406CFD32B039C9E0085B373 /* Release */ = {
			isa = XCBuildConfiguration;
			buildSettings = {
				ALWAYS_EMBED_SWIFT_STANDARD_LIBRARIES = YES;
				CODE_SIGN_STYLE = Automatic;
				CURRENT_PROJECT_VERSION = 1;
				GENERATE_INFOPLIST_FILE = YES;
				MARKETING_VERSION = 1.0;
				PRODUCT_BUNDLE_IDENTIFIER = sgzkohch.SimpleMusicPlayerUITests;
				PRODUCT_NAME = "$(TARGET_NAME)";
				SWIFT_EMIT_LOC_STRINGS = NO;
				SWIFT_VERSION = 5.0;
				TARGETED_DEVICE_FAMILY = "1,2";
				TEST_TARGET_NAME = SimpleMusicPlayer;
			};
			name = Release;
		};
/* End XCBuildConfiguration section */

/* Begin XCConfigurationList section */
		8406CF992B039C990085B373 /* Build configuration list for PBXProject "SimpleMusicPlayer" */ = {
			isa = XCConfigurationList;
			buildConfigurations = (
				8406CFC92B039C9E0085B373 /* Debug */,
				8406CFCA2B039C9E0085B373 /* Release */,
			);
			defaultConfigurationIsVisible = 0;
			defaultConfigurationName = Release;
		};
		8406CFCB2B039C9E0085B373 /* Build configuration list for PBXNativeTarget "SimpleMusicPlayer" */ = {
			isa = XCConfigurationList;
			buildConfigurations = (
				8406CFCC2B039C9E0085B373 /* Debug */,
				8406CFCD2B039C9E0085B373 /* Release */,
			);
			defaultConfigurationIsVisible = 0;
			defaultConfigurationName = Release;
		};
		8406CFCE2B039C9E0085B373 /* Build configuration list for PBXNativeTarget "SimpleMusicPlayerTests" */ = {
			isa = XCConfigurationList;
			buildConfigurations = (
				8406CFCF2B039C9E0085B373 /* Debug */,
				8406CFD02B039C9E0085B373 /* Release */,
			);
			defaultConfigurationIsVisible = 0;
			defaultConfigurationName = Release;
		};
		8406CFD12B039C9E0085B373 /* Build configuration list for PBXNativeTarget "SimpleMusicPlayerUITests" */ = {
			isa = XCConfigurationList;
			buildConfigurations = (
				8406CFD22B039C9E0085B373 /* Debug */,
				8406CFD32B039C9E0085B373 /* Release */,
			);
			defaultConfigurationIsVisible = 0;
			defaultConfigurationName = Release;
		};
/* End XCConfigurationList section */

/* Begin XCVersionGroup section */
		8406CFAA2B039C990085B373 /* SimpleMusicPlayer.xcdatamodeld */ = {
			isa = XCVersionGroup;
			children = (
				8406CFAB2B039C990085B373 /* SimpleMusicPlayer.xcdatamodel */,
			);
			currentVersion = 8406CFAB2B039C990085B373 /* SimpleMusicPlayer.xcdatamodel */;
			path = SimpleMusicPlayer.xcdatamodeld;
			sourceTree = "<group>";
			versionGroupType = wrapper.xcdatamodel;
		};
/* End XCVersionGroup section */
	};
	rootObject = 8406CF962B039C990085B373 /* Project object */;
}
